
Microsoft Visual Studio Solution File, Format Version 12.00
# Visual Studio Version 16
VisualStudioVersion = 16.0.31019.35
MinimumVisualStudioVersion = 10.0.40219.1
Project("{FAE04EC0-301F-11D3-BF4B-00C04F79EFBC}") = "UIVirtualization.UWP", "UIVirtualization\UIVirtualization.UWP\UIVirtualization.UWP.csproj", "{FC961A53-7DC4-4257-9EB4-88191EA909BA}"
EndProject
Project("{FAE04EC0-301F-11D3-BF4B-00C04F79EFBC}") = "UIVirtualization.Android", "UIVirtualization\UIVirtualization.Android\UIVirtualization.Android.csproj", "{5763241E-A047-45AE-9AF5-C16063A39BEB}"
EndProject
Project("{FAE04EC0-301F-11D3-BF4B-00C04F79EFBC}") = "UIVirtualization.iOS", "UIVirtualization\UIVirtualization.iOS\UIVirtualization.iOS.csproj", "{D6733C8B-CCDC-46C3-AD30-BE55DB029DBB}"
EndProject
Project("{FAE04EC0-301F-11D3-BF4B-00C04F79EFBC}") = "UIVirtualization", "UIVirtualization\UIVirtualization\UIVirtualization.csproj", "{29521781-4796-40ED-984D-127662130F3D}"
EndProject
Global
	GlobalSection(SolutionConfigurationPlatforms) = preSolution
		Debug|Any CPU = Debug|Any CPU
		Debug|ARM = Debug|ARM
		Debug|iPhone = Debug|iPhone
		Debug|iPhoneSimulator = Debug|iPhoneSimulator
		Debug|x64 = Debug|x64
		Debug|x86 = Debug|x86
		Release|Any CPU = Release|Any CPU
		Release|ARM = Release|ARM
		Release|iPhone = Release|iPhone
		Release|iPhoneSimulator = Release|iPhoneSimulator
		Release|x64 = Release|x64
		Release|x86 = Release|x86
	EndGlobalSection
	GlobalSection(ProjectConfigurationPlatforms) = postSolution
		{FC961A53-7DC4-4257-9EB4-88191EA909BA}.Debug|Any CPU.ActiveCfg = Debug|x86
		{FC961A53-7DC4-4257-9EB4-88191EA909BA}.Debug|Any CPU.Build.0 = Debug|x86
		{FC961A53-7DC4-4257-9EB4-88191EA909BA}.Debug|Any CPU.Deploy.0 = Debug|x86
		{FC961A53-7DC4-4257-9EB4-88191EA909BA}.Debug|ARM.ActiveCfg = Debug|ARM
		{FC961A53-7DC4-4257-9EB4-88191EA909BA}.Debug|ARM.Build.0 = Debug|ARM
		{FC961A53-7DC4-4257-9EB4-88191EA909BA}.Debug|ARM.Deploy.0 = Debug|ARM
		{FC961A53-7DC4-4257-9EB4-88191EA909BA}.Debug|iPhone.ActiveCfg = Debug|x86
		{FC961A53-7DC4-4257-9EB4-88191EA909BA}.Debug|iPhone.Build.0 = Debug|x86
		{FC961A53-7DC4-4257-9EB4-88191EA909BA}.Debug|iPhone.Deploy.0 = Debug|x86
		{FC961A53-7DC4-4257-9EB4-88191EA909BA}.Debug|iPhoneSimulator.ActiveCfg = Debug|x86
		{FC961A53-7DC4-4257-9EB4-88191EA909BA}.Debug|iPhoneSimulator.Build.0 = Debug|x86
		{FC961A53-7DC4-4257-9EB4-88191EA909BA}.Debug|iPhoneSimulator.Deploy.0 = Debug|x86
		{FC961A53-7DC4-4257-9EB4-88191EA909BA}.Debug|x64.ActiveCfg = Debug|x64
		{FC961A53-7DC4-4257-9EB4-88191EA909BA}.Debug|x64.Build.0 = Debug|x64
		{FC961A53-7DC4-4257-9EB4-88191EA909BA}.Debug|x64.Deploy.0 = Debug|x64
		{FC961A53-7DC4-4257-9EB4-88191EA909BA}.Debug|x86.ActiveCfg = Debug|x86
		{FC961A53-7DC4-4257-9EB4-88191EA909BA}.Debug|x86.Build.0 = Debug|x86
		{FC961A53-7DC4-4257-9EB4-88191EA909BA}.Debug|x86.Deploy.0 = Debug|x86
		{FC961A53-7DC4-4257-9EB4-88191EA909BA}.Release|Any CPU.ActiveCfg = Release|x86
		{FC961A53-7DC4-4257-9EB4-88191EA909BA}.Release|Any CPU.Build.0 = Release|x86
		{FC961A53-7DC4-4257-9EB4-88191EA909BA}.Release|Any CPU.Deploy.0 = Release|x86
		{FC961A53-7DC4-4257-9EB4-88191EA909BA}.Release|ARM.ActiveCfg = Release|ARM
		{FC961A53-7DC4-4257-9EB4-88191EA909BA}.Release|ARM.Build.0 = Release|ARM
		{FC961A53-7DC4-4257-9EB4-88191EA909BA}.Release|ARM.Deploy.0 = Release|ARM
		{FC961A53-7DC4-4257-9EB4-88191EA909BA}.Release|iPhone.ActiveCfg = Release|x86
		{FC961A53-7DC4-4257-9EB4-88191EA909BA}.Release|iPhone.Build.0 = Release|x86
		{FC961A53-7DC4-4257-9EB4-88191EA909BA}.Release|iPhone.Deploy.0 = Release|x86
		{FC961A53-7DC4-4257-9EB4-88191EA909BA}.Release|iPhoneSimulator.ActiveCfg = Release|x86
		{FC961A53-7DC4-4257-9EB4-88191EA909BA}.Release|iPhoneSimulator.Build.0 = Release|x86
		{FC961A53-7DC4-4257-9EB4-88191EA909BA}.Release|iPhoneSimulator.Deploy.0 = Release|x86
		{FC961A53-7DC4-4257-9EB4-88191EA909BA}.Release|x64.ActiveCfg = Release|x64
		{FC961A53-7DC4-4257-9EB4-88191EA909BA}.Release|x64.Build.0 = Release|x64
		{FC961A53-7DC4-4257-9EB4-88191EA909BA}.Release|x64.Deploy.0 = Release|x64
		{FC961A53-7DC4-4257-9EB4-88191EA909BA}.Release|x86.ActiveCfg = Release|x86
		{FC961A53-7DC4-4257-9EB4-88191EA909BA}.Release|x86.Build.0 = Release|x86
		{FC961A53-7DC4-4257-9EB4-88191EA909BA}.Release|x86.Deploy.0 = Release|x86
		{5763241E-A047-45AE-9AF5-C16063A39BEB}.Debug|Any CPU.ActiveCfg = Debug|Any CPU
		{5763241E-A047-45AE-9AF5-C16063A39BEB}.Debug|Any CPU.Build.0 = Debug|Any CPU
		{5763241E-A047-45AE-9AF5-C16063A39BEB}.Debug|Any CPU.Deploy.0 = Debug|Any CPU
		{5763241E-A047-45AE-9AF5-C16063A39BEB}.Debug|ARM.ActiveCfg = Debug|Any CPU
		{5763241E-A047-45AE-9AF5-C16063A39BEB}.Debug|ARM.Build.0 = Debug|Any CPU
		{5763241E-A047-45AE-9AF5-C16063A39BEB}.Debug|ARM.Deploy.0 = Debug|Any CPU
		{5763241E-A047-45AE-9AF5-C16063A39BEB}.Debug|iPhone.ActiveCfg = Debug|Any CPU
		{5763241E-A047-45AE-9AF5-C16063A39BEB}.Debug|iPhone.Build.0 = Debug|Any CPU
		{5763241E-A047-45AE-9AF5-C16063A39BEB}.Debug|iPhone.Deploy.0 = Debug|Any CPU
		{5763241E-A047-45AE-9AF5-C16063A39BEB}.Debug|iPhoneSimulator.ActiveCfg = Debug|Any CPU
		{5763241E-A047-45AE-9AF5-C16063A39BEB}.Debug|iPhoneSimulator.Build.0 = Debug|Any CPU
		{5763241E-A047-45AE-9AF5-C16063A39BEB}.Debug|iPhoneSimulator.Deploy.0 = Debug|Any CPU
		{5763241E-A047-45AE-9AF5-C16063A39BEB}.Debug|x64.ActiveCfg = Debug|Any CPU
		{5763241E-A047-45AE-9AF5-C16063A39BEB}.Debug|x64.Build.0 = Debug|Any CPU
		{5763241E-A047-45AE-9AF5-C16063A39BEB}.Debug|x64.Deploy.0 = Debug|Any CPU
		{5763241E-A047-45AE-9AF5-C16063A39BEB}.Debug|x86.ActiveCfg = Debug|Any CPU
		{5763241E-A047-45AE-9AF5-C16063A39BEB}.Debug|x86.Build.0 = Debug|Any CPU
		{5763241E-A047-45AE-9AF5-C16063A39BEB}.Debug|x86.Deploy.0 = Debug|Any CPU
		{5763241E-A047-45AE-9AF5-C16063A39BEB}.Release|Any CPU.ActiveCfg = Release|Any CPU
		{5763241E-A047-45AE-9AF5-C16063A39BEB}.Release|Any CPU.Build.0 = Release|Any CPU
		{5763241E-A047-45AE-9AF5-C16063A39BEB}.Release|Any CPU.Deploy.0 = Release|Any CPU
		{5763241E-A047-45AE-9AF5-C16063A39BEB}.Release|ARM.ActiveCfg = Release|Any CPU
		{5763241E-A047-45AE-9AF5-C16063A39BEB}.Release|ARM.Build.0 = Release|Any CPU
		{5763241E-A047-45AE-9AF5-C16063A39BEB}.Release|ARM.Deploy.0 = Release|Any CPU
		{5763241E-A047-45AE-9AF5-C16063A39BEB}.Release|iPhone.ActiveCfg = Release|Any CPU
		{5763241E-A047-45AE-9AF5-C16063A39BEB}.Release|iPhone.Build.0 = Release|Any CPU
		{5763241E-A047-45AE-9AF5-C16063A39BEB}.Release|iPhone.Deploy.0 = Release|Any CPU
		{5763241E-A047-45AE-9AF5-C16063A39BEB}.Release|iPhoneSimulator.ActiveCfg = Release|Any CPU
		{5763241E-A047-45AE-9AF5-C16063A39BEB}.Release|iPhoneSimulator.Build.0 = Release|Any CPU
		{5763241E-A047-45AE-9AF5-C16063A39BEB}.Release|iPhoneSimulator.Deploy.0 = Release|Any CPU
		{5763241E-A047-45AE-9AF5-C16063A39BEB}.Release|x64.ActiveCfg = Release|Any CPU
		{5763241E-A047-45AE-9AF5-C16063A39BEB}.Release|x64.Build.0 = Release|Any CPU
		{5763241E-A047-45AE-9AF5-C16063A39BEB}.Release|x64.Deploy.0 = Release|Any CPU
		{5763241E-A047-45AE-9AF5-C16063A39BEB}.Release|x86.ActiveCfg = Release|Any CPU
		{5763241E-A047-45AE-9AF5-C16063A39BEB}.Release|x86.Build.0 = Release|Any CPU
		{5763241E-A047-45AE-9AF5-C16063A39BEB}.Release|x86.Deploy.0 = Release|Any CPU
		{D6733C8B-CCDC-46C3-AD30-BE55DB029DBB}.Debug|Any CPU.ActiveCfg = Debug|iPhoneSimulator
		{D6733C8B-CCDC-46C3-AD30-BE55DB029DBB}.Debug|Any CPU.Build.0 = Debug|iPhoneSimulator
		{D6733C8B-CCDC-46C3-AD30-BE55DB029DBB}.Debug|Any CPU.Deploy.0 = Debug|iPhoneSimulator
		{D6733C8B-CCDC-46C3-AD30-BE55DB029DBB}.Debug|ARM.ActiveCfg = Debug|iPhone
		{D6733C8B-CCDC-46C3-AD30-BE55DB029DBB}.Debug|ARM.Build.0 = Debug|iPhone
		{D6733C8B-CCDC-46C3-AD30-BE55DB029DBB}.Debug|ARM.Deploy.0 = Debug|iPhone
		{D6733C8B-CCDC-46C3-AD30-BE55DB029DBB}.Debug|iPhone.ActiveCfg = Debug|iPhone
		{D6733C8B-CCDC-46C3-AD30-BE55DB029DBB}.Debug|iPhone.Build.0 = Debug|iPhone
		{D6733C8B-CCDC-46C3-AD30-BE55DB029DBB}.Debug|iPhone.Deploy.0 = Debug|iPhone
		{D6733C8B-CCDC-46C3-AD30-BE55DB029DBB}.Debug|iPhoneSimulator.ActiveCfg = Debug|iPhoneSimulator
		{D6733C8B-CCDC-46C3-AD30-BE55DB029DBB}.Debug|iPhoneSimulator.Build.0 = Debug|iPhoneSimulator
		{D6733C8B-CCDC-46C3-AD30-BE55DB029DBB}.Debug|iPhoneSimulator.Deploy.0 = Debug|iPhoneSimulator
		{D6733C8B-CCDC-46C3-AD30-BE55DB029DBB}.Debug|x64.ActiveCfg = Debug|iPhoneSimulator
		{D6733C8B-CCDC-46C3-AD30-BE55DB029DBB}.Debug|x64.Build.0 = Debug|iPhoneSimulator
		{D6733C8B-CCDC-46C3-AD30-BE55DB029DBB}.Debug|x64.Deploy.0 = Debug|iPhoneSimulator
		{D6733C8B-CCDC-46C3-AD30-BE55DB029DBB}.Debug|x86.ActiveCfg = Debug|iPhoneSimulator
		{D6733C8B-CCDC-46C3-AD30-BE55DB029DBB}.Debug|x86.Build.0 = Debug|iPhoneSimulator
		{D6733C8B-CCDC-46C3-AD30-BE55DB029DBB}.Debug|x86.Deploy.0 = Debug|iPhoneSimulator
		{D6733C8B-CCDC-46C3-AD30-BE55DB029DBB}.Release|Any CPU.ActiveCfg = Release|iPhoneSimulator
		{D6733C8B-CCDC-46C3-AD30-BE55DB029DBB}.Release|Any CPU.Build.0 = Release|iPhoneSimulator
		{D6733C8B-CCDC-46C3-AD30-BE55DB029DBB}.Release|Any CPU.Deploy.0 = Release|iPhoneSimulator
		{D6733C8B-CCDC-46C3-AD30-BE55DB029DBB}.Release|ARM.ActiveCfg = Release|iPhoneSimulator
		{D6733C8B-CCDC-46C3-AD30-BE55DB029DBB}.Release|ARM.Build.0 = Release|iPhoneSimulator
		{D6733C8B-CCDC-46C3-AD30-BE55DB029DBB}.Release|ARM.Deploy.0 = Release|iPhoneSimulator
		{D6733C8B-CCDC-46C3-AD30-BE55DB029DBB}.Release|iPhone.ActiveCfg = Release|iPhone
		{D6733C8B-CCDC-46C3-AD30-BE55DB029DBB}.Release|iPhone.Build.0 = Release|iPhone
		{D6733C8B-CCDC-46C3-AD30-BE55DB029DBB}.Release|iPhone.Deploy.0 = Release|iPhone
		{D6733C8B-CCDC-46C3-AD30-BE55DB029DBB}.Release|iPhoneSimulator.ActiveCfg = Release|iPhoneSimulator
		{D6733C8B-CCDC-46C3-AD30-BE55DB029DBB}.Release|iPhoneSimulator.Build.0 = Release|iPhoneSimulator
		{D6733C8B-CCDC-46C3-AD30-BE55DB029DBB}.Release|iPhoneSimulator.Deploy.0 = Release|iPhoneSimulator
		{D6733C8B-CCDC-46C3-AD30-BE55DB029DBB}.Release|x64.ActiveCfg = Release|iPhoneSimulator
		{D6733C8B-CCDC-46C3-AD30-BE55DB029DBB}.Release|x64.Build.0 = Release|iPhoneSimulator
		{D6733C8B-CCDC-46C3-AD30-BE55DB029DBB}.Release|x64.Deploy.0 = Release|iPhoneSimulator
		{D6733C8B-CCDC-46C3-AD30-BE55DB029DBB}.Release|x86.ActiveCfg = Release|iPhoneSimulator
		{D6733C8B-CCDC-46C3-AD30-BE55DB029DBB}.Release|x86.Build.0 = Release|iPhoneSimulator
		{D6733C8B-CCDC-46C3-AD30-BE55DB029DBB}.Release|x86.Deploy.0 = Release|iPhoneSimulator
		{29521781-4796-40ED-984D-127662130F3D}.Debug|Any CPU.ActiveCfg = Debug|Any CPU
		{29521781-4796-40ED-984D-127662130F3D}.Debug|Any CPU.Build.0 = Debug|Any CPU
		{29521781-4796-40ED-984D-127662130F3D}.Debug|Any CPU.Deploy.0 = Debug|Any CPU
		{29521781-4796-40ED-984D-127662130F3D}.Debug|ARM.ActiveCfg = Debug|Any CPU
		{29521781-4796-40ED-984D-127662130F3D}.Debug|ARM.Build.0 = Debug|Any CPU
		{29521781-4796-40ED-984D-127662130F3D}.Debug|ARM.Deploy.0 = Debug|Any CPU
		{29521781-4796-40ED-984D-127662130F3D}.Debug|iPhone.ActiveCfg = Debug|Any CPU
		{29521781-4796-40ED-984D-127662130F3D}.Debug|iPhone.Build.0 = Debug|Any CPU
		{29521781-4796-40ED-984D-127662130F3D}.Debug|iPhone.Deploy.0 = Debug|Any CPU
		{29521781-4796-40ED-984D-127662130F3D}.Debug|iPhoneSimulator.ActiveCfg = Debug|Any CPU
		{29521781-4796-40ED-984D-127662130F3D}.Debug|iPhoneSimulator.Build.0 = Debug|Any CPU
		{29521781-4796-40ED-984D-127662130F3D}.Debug|iPhoneSimulator.Deploy.0 = Debug|Any CPU
		{29521781-4796-40ED-984D-127662130F3D}.Debug|x64.ActiveCfg = Debug|Any CPU
		{29521781-4796-40ED-984D-127662130F3D}.Debug|x64.Build.0 = Debug|Any CPU
		{29521781-4796-40ED-984D-127662130F3D}.Debug|x64.Deploy.0 = Debug|Any CPU
		{29521781-4796-40ED-984D-127662130F3D}.Debug|x86.ActiveCfg = Debug|Any CPU
		{29521781-4796-40ED-984D-127662130F3D}.Debug|x86.Build.0 = Debug|Any CPU
		{29521781-4796-40ED-984D-127662130F3D}.Debug|x86.Deploy.0 = Debug|Any CPU
		{29521781-4796-40ED-984D-127662130F3D}.Release|Any CPU.ActiveCfg = Release|Any CPU
		{29521781-4796-40ED-984D-127662130F3D}.Release|Any CPU.Build.0 = Release|Any CPU
		{29521781-4796-40ED-984D-127662130F3D}.Release|Any CPU.Deploy.0 = Release|Any CPU
		{29521781-4796-40ED-984D-127662130F3D}.Release|ARM.ActiveCfg = Release|Any CPU
		{29521781-4796-40ED-984D-127662130F3D}.Release|ARM.Build.0 = Release|Any CPU
		{29521781-4796-40ED-984D-127662130F3D}.Release|ARM.Deploy.0 = Release|Any CPU
		{29521781-4796-40ED-984D-127662130F3D}.Release|iPhone.ActiveCfg = Release|Any CPU
		{29521781-4796-40ED-984D-127662130F3D}.Release|iPhone.Build.0 = Release|Any CPU
		{29521781-4796-40ED-984D-127662130F3D}.Release|iPhone.Deploy.0 = Release|Any CPU
		{29521781-4796-40ED-984D-127662130F3D}.Release|iPhoneSimulator.ActiveCfg = Release|Any CPU
		{29521781-4796-40ED-984D-127662130F3D}.Release|iPhoneSimulator.Build.0 = Release|Any CPU
		{29521781-4796-40ED-984D-127662130F3D}.Release|iPhoneSimulator.Deploy.0 = Release|Any CPU
		{29521781-4796-40ED-984D-127662130F3D}.Release|x64.ActiveCfg = Release|Any CPU
		{29521781-4796-40ED-984D-127662130F3D}.Release|x64.Build.0 = Release|Any CPU
		{29521781-4796-40ED-984D-127662130F3D}.Release|x64.Deploy.0 = Release|Any CPU
		{29521781-4796-40ED-984D-127662130F3D}.Release|x86.ActiveCfg = Release|Any CPU
		{29521781-4796-40ED-984D-127662130F3D}.Release|x86.Build.0 = Release|Any CPU
		{29521781-4796-40ED-984D-127662130F3D}.Release|x86.Deploy.0 = Release|Any CPU
	EndGlobalSection
	GlobalSection(SolutionProperties) = preSolution
		HideSolutionNode = FALSE
	EndGlobalSection
	GlobalSection(ExtensibilityGlobals) = postSolution
		SolutionGuid = {26C798A2-A9A9-45AA-941F-1A2AE7F27CBF}
	EndGlobalSection
EndGlobal
